
Microsoft Visual Studio Solution File, Format Version 12.00
# Visual Studio Version 18
Project("{8BC9CEB8-8B4A-11D0-8D11-00A0C91BC942}") = "ALL_BUILD", "ALL_BUILD.vcxproj", "{718C5611-0573-3561-8A50-2F5A11D7B33A}"
	ProjectSection(ProjectDependencies) = postProject
		{828B0D70-2D20-346C-8405-5CFB353B261C} = {828B0D70-2D20-346C-8405-5CFB353B261C}
		{21E4323D-A895-33B2-8A3D-5CAF9D807F09} = {21E4323D-A895-33B2-8A3D-5CAF9D807F09}
		{2455ECE9-A14F-3420-B920-8EFB1C65F54D} = {2455ECE9-A14F-3420-B920-8EFB1C65F54D}
		{87A5C33B-D1CE-3A0C-A467-8A4E850246B0} = {87A5C33B-D1CE-3A0C-A467-8A4E850246B0}
		{A9069721-6E60-31C7-89C9-40C276147819} = {A9069721-6E60-31C7-89C9-40C276147819}
		{2AA6551D-D794-3714-BBA8-FCB4F7DB531E} = {2AA6551D-D794-3714-BBA8-FCB4F7DB531E}
		{BB715B27-2517-3C7B-9868-832E353F7A66} = {BB715B27-2517-3C7B-9868-832E353F7A66}
		{650F7171-93FB-37EB-853D-2F72AAB42F9D} = {650F7171-93FB-37EB-853D-2F72AAB42F9D}
	EndProjectSection
EndProject
Project("{8BC9CEB8-8B4A-11D0-8D11-00A0C91BC942}") = "INSTALL", "INSTALL.vcxproj", "{9CF475D8-B5CC-3EE2-9E8C-ADB08D68B5DC}"
	ProjectSection(ProjectDependencies) = postProject
		{718C5611-0573-3561-8A50-2F5A11D7B33A} = {718C5611-0573-3561-8A50-2F5A11D7B33A}
		{828B0D70-2D20-346C-8405-5CFB353B261C} = {828B0D70-2D20-346C-8405-5CFB353B261C}
	EndProjectSection
EndProject
Project("{8BC9CEB8-8B4A-11D0-8D11-00A0C91BC942}") = "RUN_TESTS", "RUN_TESTS.vcxproj", "{E6750A42-8BCA-3A28-A25A-57EF3F37182F}"
	ProjectSection(ProjectDependencies) = postProject
		{828B0D70-2D20-346C-8405-5CFB353B261C} = {828B0D70-2D20-346C-8405-5CFB353B261C}
	EndProjectSection
EndProject
Project("{8BC9CEB8-8B4A-11D0-8D11-00A0C91BC942}") = "ZERO_CHECK", "ZERO_CHECK.vcxproj", "{828B0D70-2D20-346C-8405-5CFB353B261C}"
	ProjectSection(ProjectDependencies) = postProject
	EndProjectSection
EndProject
Project("{8BC9CEB8-8B4A-11D0-8D11-00A0C91BC942}") = "codegen", "codegen.vcxproj", "{9C5A5D28-0B7A-37F1-9834-D41013077966}"
	ProjectSection(ProjectDependencies) = postProject
		{828B0D70-2D20-346C-8405-5CFB353B261C} = {828B0D70-2D20-346C-8405-5CFB353B261C}
		{21E4323D-A895-33B2-8A3D-5CAF9D807F09} = {21E4323D-A895-33B2-8A3D-5CAF9D807F09}
	EndProjectSection
EndProject
Project("{8BC9CEB8-8B4A-11D0-8D11-00A0C91BC942}") = "compiler", "compiler.vcxproj", "{21E4323D-A895-33B2-8A3D-5CAF9D807F09}"
	ProjectSection(ProjectDependencies) = postProject
		{828B0D70-2D20-346C-8405-5CFB353B261C} = {828B0D70-2D20-346C-8405-5CFB353B261C}
		{2455ECE9-A14F-3420-B920-8EFB1C65F54D} = {2455ECE9-A14F-3420-B920-8EFB1C65F54D}
	EndProjectSection
EndProject
Project("{8BC9CEB8-8B4A-11D0-8D11-00A0C91BC942}") = "compiler_lib", "compiler_lib.vcxproj", "{2455ECE9-A14F-3420-B920-8EFB1C65F54D}"
	ProjectSection(ProjectDependencies) = postProject
		{828B0D70-2D20-346C-8405-5CFB353B261C} = {828B0D70-2D20-346C-8405-5CFB353B261C}
	EndProjectSection
EndProject
Project("{8BC9CEB8-8B4A-11D0-8D11-00A0C91BC942}") = "compiler_tests", "compiler_tests.vcxproj", "{87A5C33B-D1CE-3A0C-A467-8A4E850246B0}"
	ProjectSection(ProjectDependencies) = postProject
		{828B0D70-2D20-346C-8405-5CFB353B261C} = {828B0D70-2D20-346C-8405-5CFB353B261C}
		{2455ECE9-A14F-3420-B920-8EFB1C65F54D} = {2455ECE9-A14F-3420-B920-8EFB1C65F54D}
		{BB715B27-2517-3C7B-9868-832E353F7A66} = {BB715B27-2517-3C7B-9868-832E353F7A66}
		{650F7171-93FB-37EB-853D-2F72AAB42F9D} = {650F7171-93FB-37EB-853D-2F72AAB42F9D}
	EndProjectSection
EndProject
Project("{8BC9CEB8-8B4A-11D0-8D11-00A0C91BC942}") = "gmock", "_deps\googletest-build\googlemock\gmock.vcxproj", "{A9069721-6E60-31C7-89C9-40C276147819}"
	ProjectSection(ProjectDependencies) = postProject
		{828B0D70-2D20-346C-8405-5CFB353B261C} = {828B0D70-2D20-346C-8405-5CFB353B261C}
	EndProjectSection
EndProject
Project("{8BC9CEB8-8B4A-11D0-8D11-00A0C91BC942}") = "gmock_main", "_deps\googletest-build\googlemock\gmock_main.vcxproj", "{2AA6551D-D794-3714-BBA8-FCB4F7DB531E}"
	ProjectSection(ProjectDependencies) = postProject
		{828B0D70-2D20-346C-8405-5CFB353B261C} = {828B0D70-2D20-346C-8405-5CFB353B261C}
	EndProjectSection
EndProject
Project("{8BC9CEB8-8B4A-11D0-8D11-00A0C91BC942}") = "gtest", "_deps\googletest-build\googletest\gtest.vcxproj", "{BB715B27-2517-3C7B-9868-832E353F7A66}"
	ProjectSection(ProjectDependencies) = postProject
		{828B0D70-2D20-346C-8405-5CFB353B261C} = {828B0D70-2D20-346C-8405-5CFB353B261C}
	EndProjectSection
EndProject
Project("{8BC9CEB8-8B4A-11D0-8D11-00A0C91BC942}") = "gtest_main", "_deps\googletest-build\googletest\gtest_main.vcxproj", "{650F7171-93FB-37EB-853D-2F72AAB42F9D}"
	ProjectSection(ProjectDependencies) = postProject
		{828B0D70-2D20-346C-8405-5CFB353B261C} = {828B0D70-2D20-346C-8405-5CFB353B261C}
		{BB715B27-2517-3C7B-9868-832E353F7A66} = {BB715B27-2517-3C7B-9868-832E353F7A66}
	EndProjectSection
EndProject
Project("{8BC9CEB8-8B4A-11D0-8D11-00A0C91BC942}") = "ir", "ir.vcxproj", "{B3B77D8B-D267-3CD4-BB96-CCB71C16E8FD}"
	ProjectSection(ProjectDependencies) = postProject
		{828B0D70-2D20-346C-8405-5CFB353B261C} = {828B0D70-2D20-346C-8405-5CFB353B261C}
		{21E4323D-A895-33B2-8A3D-5CAF9D807F09} = {21E4323D-A895-33B2-8A3D-5CAF9D807F09}
	EndProjectSection
EndProject
Project("{8BC9CEB8-8B4A-11D0-8D11-00A0C91BC942}") = "lex", "lex.vcxproj", "{7C9F136D-6077-3D9A-8591-9AC7039A12F6}"
	ProjectSection(ProjectDependencies) = postProject
		{828B0D70-2D20-346C-8405-5CFB353B261C} = {828B0D70-2D20-346C-8405-5CFB353B261C}
		{21E4323D-A895-33B2-8A3D-5CAF9D807F09} = {21E4323D-A895-33B2-8A3D-5CAF9D807F09}
	EndProjectSection
EndProject
Project("{8BC9CEB8-8B4A-11D0-8D11-00A0C91BC942}") = "parse", "parse.vcxproj", "{7C7CFB82-CF93-391A-BC51-A178EC115CAC}"
	ProjectSection(ProjectDependencies) = postProject
		{828B0D70-2D20-346C-8405-5CFB353B261C} = {828B0D70-2D20-346C-8405-5CFB353B261C}
		{21E4323D-A895-33B2-8A3D-5CAF9D807F09} = {21E4323D-A895-33B2-8A3D-5CAF9D807F09}
	EndProjectSection
EndProject
Global
	GlobalSection(SolutionConfigurationPlatforms) = preSolution
		Debug|x64 = Debug|x64
		Release|x64 = Release|x64
		MinSizeRel|x64 = MinSizeRel|x64
		RelWithDebInfo|x64 = RelWithDebInfo|x64
	EndGlobalSection
	GlobalSection(ProjectConfigurationPlatforms) = postSolution
		{718C5611-0573-3561-8A50-2F5A11D7B33A}.Debug|x64.ActiveCfg = Debug|x64
		{718C5611-0573-3561-8A50-2F5A11D7B33A}.Debug|x64.Build.0 = Debug|x64
		{718C5611-0573-3561-8A50-2F5A11D7B33A}.Release|x64.ActiveCfg = Release|x64
		{718C5611-0573-3561-8A50-2F5A11D7B33A}.Release|x64.Build.0 = Release|x64
		{718C5611-0573-3561-8A50-2F5A11D7B33A}.MinSizeRel|x64.ActiveCfg = MinSizeRel|x64
		{718C5611-0573-3561-8A50-2F5A11D7B33A}.MinSizeRel|x64.Build.0 = MinSizeRel|x64
		{718C5611-0573-3561-8A50-2F5A11D7B33A}.RelWithDebInfo|x64.ActiveCfg = RelWithDebInfo|x64
		{718C5611-0573-3561-8A50-2F5A11D7B33A}.RelWithDebInfo|x64.Build.0 = RelWithDebInfo|x64
		{9CF475D8-B5CC-3EE2-9E8C-ADB08D68B5DC}.Debug|x64.ActiveCfg = Debug|x64
		{9CF475D8-B5CC-3EE2-9E8C-ADB08D68B5DC}.Release|x64.ActiveCfg = Release|x64
		{9CF475D8-B5CC-3EE2-9E8C-ADB08D68B5DC}.MinSizeRel|x64.ActiveCfg = MinSizeRel|x64
		{9CF475D8-B5CC-3EE2-9E8C-ADB08D68B5DC}.RelWithDebInfo|x64.ActiveCfg = RelWithDebInfo|x64
		{E6750A42-8BCA-3A28-A25A-57EF3F37182F}.Debug|x64.ActiveCfg = Debug|x64
		{E6750A42-8BCA-3A28-A25A-57EF3F37182F}.Release|x64.ActiveCfg = Release|x64
		{E6750A42-8BCA-3A28-A25A-57EF3F37182F}.MinSizeRel|x64.ActiveCfg = MinSizeRel|x64
		{E6750A42-8BCA-3A28-A25A-57EF3F37182F}.RelWithDebInfo|x64.ActiveCfg = RelWithDebInfo|x64
		{828B0D70-2D20-346C-8405-5CFB353B261C}.Debug|x64.ActiveCfg = Debug|x64
		{828B0D70-2D20-346C-8405-5CFB353B261C}.Debug|x64.Build.0 = Debug|x64
		{828B0D70-2D20-346C-8405-5CFB353B261C}.Release|x64.ActiveCfg = Release|x64
		{828B0D70-2D20-346C-8405-5CFB353B261C}.Release|x64.Build.0 = Release|x64
		{828B0D70-2D20-346C-8405-5CFB353B261C}.MinSizeRel|x64.ActiveCfg = MinSizeRel|x64
		{828B0D70-2D20-346C-8405-5CFB353B261C}.MinSizeRel|x64.Build.0 = MinSizeRel|x64
		{828B0D70-2D20-346C-8405-5CFB353B261C}.RelWithDebInfo|x64.ActiveCfg = RelWithDebInfo|x64
		{828B0D70-2D20-346C-8405-5CFB353B261C}.RelWithDebInfo|x64.Build.0 = RelWithDebInfo|x64
		{9C5A5D28-0B7A-37F1-9834-D41013077966}.Debug|x64.ActiveCfg = Debug|x64
		{9C5A5D28-0B7A-37F1-9834-D41013077966}.Release|x64.ActiveCfg = Release|x64
		{9C5A5D28-0B7A-37F1-9834-D41013077966}.MinSizeRel|x64.ActiveCfg = MinSizeRel|x64
		{9C5A5D28-0B7A-37F1-9834-D41013077966}.RelWithDebInfo|x64.ActiveCfg = RelWithDebInfo|x64
		{21E4323D-A895-33B2-8A3D-5CAF9D807F09}.Debug|x64.ActiveCfg = Debug|x64
		{21E4323D-A895-33B2-8A3D-5CAF9D807F09}.Debug|x64.Build.0 = Debug|x64
		{21E4323D-A895-33B2-8A3D-5CAF9D807F09}.Release|x64.ActiveCfg = Release|x64
		{21E4323D-A895-33B2-8A3D-5CAF9D807F09}.Release|x64.Build.0 = Release|x64
		{21E4323D-A895-33B2-8A3D-5CAF9D807F09}.MinSizeRel|x64.ActiveCfg = MinSizeRel|x64
		{21E4323D-A895-33B2-8A3D-5CAF9D807F09}.MinSizeRel|x64.Build.0 = MinSizeRel|x64
		{21E4323D-A895-33B2-8A3D-5CAF9D807F09}.RelWithDebInfo|x64.ActiveCfg = RelWithDebInfo|x64
		{21E4323D-A895-33B2-8A3D-5CAF9D807F09}.RelWithDebInfo|x64.Build.0 = RelWithDebInfo|x64
		{2455ECE9-A14F-3420-B920-8EFB1C65F54D}.Debug|x64.ActiveCfg = Debug|x64
		{2455ECE9-A14F-3420-B920-8EFB1C65F54D}.Debug|x64.Build.0 = Debug|x64
		{2455ECE9-A14F-3420-B920-8EFB1C65F54D}.Release|x64.ActiveCfg = Release|x64
		{2455ECE9-A14F-3420-B920-8EFB1C65F54D}.Release|x64.Build.0 = Release|x64
		{2455ECE9-A14F-3420-B920-8EFB1C65F54D}.MinSizeRel|x64.ActiveCfg = MinSizeRel|x64
		{2455ECE9-A14F-3420-B920-8EFB1C65F54D}.MinSizeRel|x64.Build.0 = MinSizeRel|x64
		{2455ECE9-A14F-3420-B920-8EFB1C65F54D}.RelWithDebInfo|x64.ActiveCfg = RelWithDebInfo|x64
		{2455ECE9-A14F-3420-B920-8EFB1C65F54D}.RelWithDebInfo|x64.Build.0 = RelWithDebInfo|x64
		{87A5C33B-D1CE-3A0C-A467-8A4E850246B0}.Debug|x64.ActiveCfg = Debug|x64
		{87A5C33B-D1CE-3A0C-A467-8A4E850246B0}.Debug|x64.Build.0 = Debug|x64
		{87A5C33B-D1CE-3A0C-A467-8A4E850246B0}.Release|x64.ActiveCfg = Release|x64
		{87A5C33B-D1CE-3A0C-A467-8A4E850246B0}.Release|x64.Build.0 = Release|x64
		{87A5C33B-D1CE-3A0C-A467-8A4E850246B0}.MinSizeRel|x64.ActiveCfg = MinSizeRel|x64
		{87A5C33B-D1CE-3A0C-A467-8A4E850246B0}.MinSizeRel|x64.Build.0 = MinSizeRel|x64
		{87A5C33B-D1CE-3A0C-A467-8A4E850246B0}.RelWithDebInfo|x64.ActiveCfg = RelWithDebInfo|x64
		{87A5C33B-D1CE-3A0C-A467-8A4E850246B0}.RelWithDebInfo|x64.Build.0 = RelWithDebInfo|x64
		{A9069721-6E60-31C7-89C9-40C276147819}.Debug|x64.ActiveCfg = Debug|x64
		{A9069721-6E60-31C7-89C9-40C276147819}.Debug|x64.Build.0 = Debug|x64
		{A9069721-6E60-31C7-89C9-40C276147819}.Release|x64.ActiveCfg = Release|x64
		{A9069721-6E60-31C7-89C9-40C276147819}.Release|x64.Build.0 = Release|x64
		{A9069721-6E60-31C7-89C9-40C276147819}.MinSizeRel|x64.ActiveCfg = MinSizeRel|x64
		{A9069721-6E60-31C7-89C9-40C276147819}.MinSizeRel|x64.Build.0 = MinSizeRel|x64
		{A9069721-6E60-31C7-89C9-40C276147819}.RelWithDebInfo|x64.ActiveCfg = RelWithDebInfo|x64
		{A9069721-6E60-31C7-89C9-40C276147819}.RelWithDebInfo|x64.Build.0 = RelWithDebInfo|x64
		{2AA6551D-D794-3714-BBA8-FCB4F7DB531E}.Debug|x64.ActiveCfg = Debug|x64
		{2AA6551D-D794-3714-BBA8-FCB4F7DB531E}.Debug|x64.Build.0 = Debug|x64
		{2AA6551D-D794-3714-BBA8-FCB4F7DB531E}.Release|x64.ActiveCfg = Release|x64
		{2AA6551D-D794-3714-BBA8-FCB4F7DB531E}.Release|x64.Build.0 = Release|x64
		{2AA6551D-D794-3714-BBA8-FCB4F7DB531E}.MinSizeRel|x64.ActiveCfg = MinSizeRel|x64
		{2AA6551D-D794-3714-BBA8-FCB4F7DB531E}.MinSizeRel|x64.Build.0 = MinSizeRel|x64
		{2AA6551D-D794-3714-BBA8-FCB4F7DB531E}.RelWithDebInfo|x64.ActiveCfg = RelWithDebInfo|x64
		{2AA6551D-D794-3714-BBA8-FCB4F7DB531E}.RelWithDebInfo|x64.Build.0 = RelWithDebInfo|x64
		{BB715B27-2517-3C7B-9868-832E353F7A66}.Debug|x64.ActiveCfg = Debug|x64
		{BB715B27-2517-3C7B-9868-832E353F7A66}.Debug|x64.Build.0 = Debug|x64
		{BB715B27-2517-3C7B-9868-832E353F7A66}.Release|x64.ActiveCfg = Release|x64
		{BB715B27-2517-3C7B-9868-832E353F7A66}.Release|x64.Build.0 = Release|x64
		{BB715B27-2517-3C7B-9868-832E353F7A66}.MinSizeRel|x64.ActiveCfg = MinSizeRel|x64
		{BB715B27-2517-3C7B-9868-832E353F7A66}.MinSizeRel|x64.Build.0 = MinSizeRel|x64
		{BB715B27-2517-3C7B-9868-832E353F7A66}.RelWithDebInfo|x64.ActiveCfg = RelWithDebInfo|x64
		{BB715B27-2517-3C7B-9868-832E353F7A66}.RelWithDebInfo|x64.Build.0 = RelWithDebInfo|x64
		{650F7171-93FB-37EB-853D-2F72AAB42F9D}.Debug|x64.ActiveCfg = Debug|x64
		{650F7171-93FB-37EB-853D-2F72AAB42F9D}.Debug|x64.Build.0 = Debug|x64
		{650F7171-93FB-37EB-853D-2F72AAB42F9D}.Release|x64.ActiveCfg = Release|x64
		{650F7171-93FB-37EB-853D-2F72AAB42F9D}.Release|x64.Build.0 = Release|x64
		{650F7171-93FB-37EB-853D-2F72AAB42F9D}.MinSizeRel|x64.ActiveCfg = MinSizeRel|x64
		{650F7171-93FB-37EB-853D-2F72AAB42F9D}.MinSizeRel|x64.Build.0 = MinSizeRel|x64
		{650F7171-93FB-37EB-853D-2F72AAB42F9D}.RelWithDebInfo|x64.ActiveCfg = RelWithDebInfo|x64
		{650F7171-93FB-37EB-853D-2F72AAB42F9D}.RelWithDebInfo|x64.Build.0 = RelWithDebInfo|x64
		{B3B77D8B-D267-3CD4-BB96-CCB71C16E8FD}.Debug|x64.ActiveCfg = Debug|x64
		{B3B77D8B-D267-3CD4-BB96-CCB71C16E8FD}.Release|x64.ActiveCfg = Release|x64
		{B3B77D8B-D267-3CD4-BB96-CCB71C16E8FD}.MinSizeRel|x64.ActiveCfg = MinSizeRel|x64
		{B3B77D8B-D267-3CD4-BB96-CCB71C16E8FD}.RelWithDebInfo|x64.ActiveCfg = RelWithDebInfo|x64
		{7C9F136D-6077-3D9A-8591-9AC7039A12F6}.Debug|x64.ActiveCfg = Debug|x64
		{7C9F136D-6077-3D9A-8591-9AC7039A12F6}.Release|x64.ActiveCfg = Release|x64
		{7C9F136D-6077-3D9A-8591-9AC7039A12F6}.MinSizeRel|x64.ActiveCfg = MinSizeRel|x64
		{7C9F136D-6077-3D9A-8591-9AC7039A12F6}.RelWithDebInfo|x64.ActiveCfg = RelWithDebInfo|x64
		{7C7CFB82-CF93-391A-BC51-A178EC115CAC}.Debug|x64.ActiveCfg = Debug|x64
		{7C7CFB82-CF93-391A-BC51-A178EC115CAC}.Release|x64.ActiveCfg = Release|x64
		{7C7CFB82-CF93-391A-BC51-A178EC115CAC}.MinSizeRel|x64.ActiveCfg = MinSizeRel|x64
		{7C7CFB82-CF93-391A-BC51-A178EC115CAC}.RelWithDebInfo|x64.ActiveCfg = RelWithDebInfo|x64
	EndGlobalSection
	GlobalSection(ExtensibilityGlobals) = postSolution
		SolutionGuid = {361D10B1-66F8-36A7-BE99-7A47BF98A610}
	EndGlobalSection
	GlobalSection(ExtensibilityAddIns) = postSolution
	EndGlobalSection
EndGlobal
